// !$*UTF8*$!
{
	archiveVersion = 1;
	classes = {
	};
	objectVersion = 55;
	objects = {

/* Begin PBXBuildFile section */
		8F4781A528AF3FEF003366D9 /* AppDelegate.swift in Sources */ = {isa = PBXBuildFile; fileRef = 8F4781A428AF3FEF003366D9 /* AppDelegate.swift */; };
		8F4781A728AF3FEF003366D9 /* SceneDelegate.swift in Sources */ = {isa = PBXBuildFile; fileRef = 8F4781A628AF3FEF003366D9 /* SceneDelegate.swift */; };
		8F4781A928AF3FEF003366D9 /* ViewController.swift in Sources */ = {isa = PBXBuildFile; fileRef = 8F4781A828AF3FEF003366D9 /* ViewController.swift */; };
		8F4781AC28AF3FEF003366D9 /* Main.storyboard in Resources */ = {isa = PBXBuildFile; fileRef = 8F4781AA28AF3FEF003366D9 /* Main.storyboard */; };
		8F4781AE28AF3FF1003366D9 /* Assets.xcassets in Resources */ = {isa = PBXBuildFile; fileRef = 8F4781AD28AF3FF1003366D9 /* Assets.xcassets */; };
		8F4781B128AF3FF1003366D9 /* LaunchScreen.storyboard in Resources */ = {isa = PBXBuildFile; fileRef = 8F4781AF28AF3FF1003366D9 /* LaunchScreen.storyboard */; };
		8F4781BC28AF3FF1003366D9 /* Practice_BackgroundBlurEffectTests.swift in Sources */ = {isa = PBXBuildFile; fileRef = 8F4781BB28AF3FF1003366D9 /* Practice_BackgroundBlurEffectTests.swift */; };
		8F4781C628AF3FF1003366D9 /* Practice_BackgroundBlurEffectUITests.swift in Sources */ = {isa = PBXBuildFile; fileRef = 8F4781C528AF3FF1003366D9 /* Practice_BackgroundBlurEffectUITests.swift */; };
		8F4781C828AF3FF1003366D9 /* Practice_BackgroundBlurEffectUITestsLaunchTests.swift in Sources */ = {isa = PBXBuildFile; fileRef = 8F4781C728AF3FF1003366D9 /* Practice_BackgroundBlurEffectUITestsLaunchTests.swift */; };
/* End PBXBuildFile section */

/* Begin PBXContainerItemProxy section */
		8F4781B828AF3FF1003366D9 /* PBXContainerItemProxy */ = {
			isa = PBXContainerItemProxy;
			containerPortal = 8F47819928AF3FEE003366D9 /* Project object */;
			proxyType = 1;
			remoteGlobalIDString = 8F4781A028AF3FEF003366D9;
			remoteInfo = "Practice BackgroundBlurEffect";
		};
		8F4781C228AF3FF1003366D9 /* PBXContainerItemProxy */ = {
			isa = PBXContainerItemProxy;
			containerPortal = 8F47819928AF3FEE003366D9 /* Project object */;
			proxyType = 1;
			remoteGlobalIDString = 8F4781A028AF3FEF003366D9;
			remoteInfo = "Practice BackgroundBlurEffect";
		};
/* End PBXContainerItemProxy section */

/* Begin PBXFileReference section */
		8F4781A128AF3FEF003366D9 /* Practice BackgroundBlurEffect.app */ = {isa = PBXFileReference; explicitFileType = wrapper.application; includeInIndex = 0; path = "Practice BackgroundBlurEffect.app"; sourceTree = BUILT_PRODUCTS_DIR; };
		8F4781A428AF3FEF003366D9 /* AppDelegate.swift */ = {isa = PBXFileReference; lastKnownFileType = sourcecode.swift; path = AppDelegate.swift; sourceTree = "<group>"; };
		8F4781A628AF3FEF003366D9 /* SceneDelegate.swift */ = {isa = PBXFileReference; lastKnownFileType = sourcecode.swift; path = SceneDelegate.swift; sourceTree = "<group>"; };
		8F4781A828AF3FEF003366D9 /* ViewController.swift */ = {isa = PBXFileReference; lastKnownFileType = sourcecode.swift; path = ViewController.swift; sourceTree = "<group>"; };
		8F4781AB28AF3FEF003366D9 /* Base */ = {isa = PBXFileReference; lastKnownFileType = file.storyboard; name = Base; path = Base.lproj/Main.storyboard; sourceTree = "<group>"; };
		8F4781AD28AF3FF1003366D9 /* Assets.xcassets */ = {isa = PBXFileReference; lastKnownFileType = folder.assetcatalog; path = Assets.xcassets; sourceTree = "<group>"; };
		8F4781B028AF3FF1003366D9 /* Base */ = {isa = PBXFileReference; lastKnownFileType = file.storyboard; name = Base; path = Base.lproj/LaunchScreen.storyboard; sourceTree = "<group>"; };
		8F4781B228AF3FF1003366D9 /* Info.plist */ = {isa = PBXFileReference; lastKnownFileType = text.plist.xml; path = Info.plist; sourceTree = "<group>"; };
		8F4781B728AF3FF1003366D9 /* Practice BackgroundBlurEffectTests.xctest */ = {isa = PBXFileReference; explicitFileType = wrapper.cfbundle; includeInIndex = 0; path = "Practice BackgroundBlurEffectTests.xctest"; sourceTree = BUILT_PRODUCTS_DIR; };
		8F4781BB28AF3FF1003366D9 /* Practice_BackgroundBlurEffectTests.swift */ = {isa = PBXFileReference; lastKnownFileType = sourcecode.swift; path = Practice_BackgroundBlurEffectTests.swift; sourceTree = "<group>"; };
		8F4781C128AF3FF1003366D9 /* Practice BackgroundBlurEffectUITests.xctest */ = {isa = PBXFileReference; explicitFileType = wrapper.cfbundle; includeInIndex = 0; path = "Practice BackgroundBlurEffectUITests.xctest"; sourceTree = BUILT_PRODUCTS_DIR; };
		8F4781C528AF3FF1003366D9 /* Practice_BackgroundBlurEffectUITests.swift */ = {isa = PBXFileReference; lastKnownFileType = sourcecode.swift; path = Practice_BackgroundBlurEffectUITests.swift; sourceTree = "<group>"; };
		8F4781C728AF3FF1003366D9 /* Practice_BackgroundBlurEffectUITestsLaunchTests.swift */ = {isa = PBXFileReference; lastKnownFileType = sourcecode.swift; path = Practice_BackgroundBlurEffectUITestsLaunchTests.swift; sourceTree = "<group>"; };
/* End PBXFileReference section */

/* Begin PBXFrameworksBuildPhase section */
		8F47819E28AF3FEF003366D9 /* Frameworks */ = {
			isa = PBXFrameworksBuildPhase;
			buildActionMask = 2147483647;
			files = (
			);
			runOnlyForDeploymentPostprocessing = 0;
		};
		8F4781B428AF3FF1003366D9 /* Frameworks */ = {
			isa = PBXFrameworksBuildPhase;
			buildActionMask = 2147483647;
			files = (
			);
			runOnlyForDeploymentPostprocessing = 0;
		};
		8F4781BE28AF3FF1003366D9 /* Frameworks */ = {
			isa = PBXFrameworksBuildPhase;
			buildActionMask = 2147483647;
			files = (
			);
			runOnlyForDeploymentPostprocessing = 0;
		};
/* End PBXFrameworksBuildPhase section */

/* Begin PBXGroup section */
		8F47819828AF3FEE003366D9 = {
			isa = PBXGroup;
			children = (
				8F4781A328AF3FEF003366D9 /* Practice BackgroundBlurEffect */,
				8F4781BA28AF3FF1003366D9 /* Practice BackgroundBlurEffectTests */,
				8F4781C428AF3FF1003366D9 /* Practice BackgroundBlurEffectUITests */,
				8F4781A228AF3FEF003366D9 /* Products */,
			);
			sourceTree = "<group>";
		};
		8F4781A228AF3FEF003366D9 /* Products */ = {
			isa = PBXGroup;
			children = (
				8F4781A128AF3FEF003366D9 /* Practice BackgroundBlurEffect.app */,
				8F4781B728AF3FF1003366D9 /* Practice BackgroundBlurEffectTests.xctest */,
				8F4781C128AF3FF1003366D9 /* Practice BackgroundBlurEffectUITests.xctest */,
			);
			name = Products;
			sourceTree = "<group>";
		};
		8F4781A328AF3FEF003366D9 /* Practice BackgroundBlurEffect */ = {
			isa = PBXGroup;
			children = (
				8F4781A428AF3FEF003366D9 /* AppDelegate.swift */,
				8F4781A628AF3FEF003366D9 /* SceneDelegate.swift */,
				8F4781A828AF3FEF003366D9 /* ViewController.swift */,
				8F4781AA28AF3FEF003366D9 /* Main.storyboard */,
				8F4781AD28AF3FF1003366D9 /* Assets.xcassets */,
				8F4781AF28AF3FF1003366D9 /* LaunchScreen.storyboard */,
				8F4781B228AF3FF1003366D9 /* Info.plist */,
			);
			path = "Practice BackgroundBlurEffect";
			sourceTree = "<group>";
		};
		8F4781BA28AF3FF1003366D9 /* Practice BackgroundBlurEffectTests */ = {
			isa = PBXGroup;
			children = (
				8F4781BB28AF3FF1003366D9 /* Practice_BackgroundBlurEffectTests.swift */,
			);
			path = "Practice BackgroundBlurEffectTests";
			sourceTree = "<group>";
		};
		8F4781C428AF3FF1003366D9 /* Practice BackgroundBlurEffectUITests */ = {
			isa = PBXGroup;
			children = (
				8F4781C528AF3FF1003366D9 /* Practice_BackgroundBlurEffectUITests.swift */,
				8F4781C728AF3FF1003366D9 /* Practice_BackgroundBlurEffectUITestsLaunchTests.swift */,
			);
			path = "Practice BackgroundBlurEffectUITests";
			sourceTree = "<group>";
		};
/* End PBXGroup section */

/* Begin PBXNativeTarget section */
		8F4781A028AF3FEF003366D9 /* Practice BackgroundBlurEffect */ = {
			isa = PBXNativeTarget;
			buildConfigurationList = 8F4781CB28AF3FF1003366D9 /* Build configuration list for PBXNativeTarget "Practice BackgroundBlurEffect" */;
			buildPhases = (
				8F47819D28AF3FEF003366D9 /* Sources */,
				8F47819E28AF3FEF003366D9 /* Frameworks */,
				8F47819F28AF3FEF003366D9 /* Resources */,
			);
			buildRules = (
			);
			dependencies = (
			);
			name = "Practice BackgroundBlurEffect";
			productName = "Practice BackgroundBlurEffect";
			productReference = 8F4781A128AF3FEF003366D9 /* Practice BackgroundBlurEffect.app */;
			productType = "com.apple.product-type.application";
		};
		8F4781B628AF3FF1003366D9 /* Practice BackgroundBlurEffectTests */ = {
			isa = PBXNativeTarget;
			buildConfigurationList = 8F4781CE28AF3FF1003366D9 /* Build configuration list for PBXNativeTarget "Practice BackgroundBlurEffectTests" */;
			buildPhases = (
				8F4781B328AF3FF1003366D9 /* Sources */,
				8F4781B428AF3FF1003366D9 /* Frameworks */,
				8F4781B528AF3FF1003366D9 /* Resources */,
			);
			buildRules = (
			);
			dependencies = (
				8F4781B928AF3FF1003366D9 /* PBXTargetDependency */,
			);
			name = "Practice BackgroundBlurEffectTests";
			productName = "Practice BackgroundBlurEffectTests";
			productReference = 8F4781B728AF3FF1003366D9 /* Practice BackgroundBlurEffectTests.xctest */;
			productType = "com.apple.product-type.bundle.unit-test";
		};
		8F4781C028AF3FF1003366D9 /* Practice BackgroundBlurEffectUITests */ = {
			isa = PBXNativeTarget;
			buildConfigurationList = 8F4781D128AF3FF1003366D9 /* Build configuration list for PBXNativeTarget "Practice BackgroundBlurEffectUITests" */;
			buildPhases = (
				8F4781BD28AF3FF1003366D9 /* Sources */,
				8F4781BE28AF3FF1003366D9 /* Frameworks */,
				8F4781BF28AF3FF1003366D9 /* Resources */,
			);
			buildRules = (
			);
			dependencies = (
				8F4781C328AF3FF1003366D9 /* PBXTargetDependency */,
			);
			name = "Practice BackgroundBlurEffectUITests";
			productName = "Practice BackgroundBlurEffectUITests";
			productReference = 8F4781C128AF3FF1003366D9 /* Practice BackgroundBlurEffectUITests.xctest */;
			productType = "com.apple.product-type.bundle.ui-testing";
		};
/* End PBXNativeTarget section */

/* Begin PBXProject section */
		8F47819928AF3FEE003366D9 /* Project object */ = {
			isa = PBXProject;
			attributes = {
				BuildIndependentTargetsInParallel = 1;
				LastSwiftUpdateCheck = 1340;
				LastUpgradeCheck = 1340;
				TargetAttributes = {
					8F4781A028AF3FEF003366D9 = {
						CreatedOnToolsVersion = 13.4.1;
					};
					8F4781B628AF3FF1003366D9 = {
						CreatedOnToolsVersion = 13.4.1;
						TestTargetID = 8F4781A028AF3FEF003366D9;
					};
					8F4781C028AF3FF1003366D9 = {
						CreatedOnToolsVersion = 13.4.1;
						TestTargetID = 8F4781A028AF3FEF003366D9;
					};
				};
			};
			buildConfigurationList = 8F47819C28AF3FEE003366D9 /* Build configuration list for PBXProject "Practice BackgroundBlurEffect" */;
			compatibilityVersion = "Xcode 13.0";
			developmentRegion = en;
			hasScannedForEncodings = 0;
			knownRegions = (
				en,
				Base,
			);
			mainGroup = 8F47819828AF3FEE003366D9;
			productRefGroup = 8F4781A228AF3FEF003366D9 /* Products */;
			projectDirPath = "";
			projectRoot = "";
			targets = (
				8F4781A028AF3FEF003366D9 /* Practice BackgroundBlurEffect */,
				8F4781B628AF3FF1003366D9 /* Practice BackgroundBlurEffectTests */,
				8F4781C028AF3FF1003366D9 /* Practice BackgroundBlurEffectUITests */,
			);
		};
/* End PBXProject section */

/* Begin PBXResourcesBuildPhase section */
		8F47819F28AF3FEF003366D9 /* Resources */ = {
			isa = PBXResourcesBuildPhase;
			buildActionMask = 2147483647;
			files = (
				8F4781B128AF3FF1003366D9 /* LaunchScreen.storyboard in Resources */,
				8F4781AE28AF3FF1003366D9 /* Assets.xcassets in Resources */,
				8F4781AC28AF3FEF003366D9 /* Main.storyboard in Resources */,
			);
			runOnlyForDeploymentPostprocessing = 0;
		};
		8F4781B528AF3FF1003366D9 /* Resources */ = {
			isa = PBXResourcesBuildPhase;
			buildActionMask = 2147483647;
			files = (
			);
			runOnlyForDeploymentPostprocessing = 0;
		};
		8F4781BF28AF3FF1003366D9 /* Resources */ = {
			isa = PBXResourcesBuildPhase;
			buildActionMask = 2147483647;
			files = (
			);
			runOnlyForDeploymentPostprocessing = 0;
		};
/* End PBXResourcesBuildPhase section */

/* Begin PBXSourcesBuildPhase section */
		8F47819D28AF3FEF003366D9 /* Sources */ = {
			isa = PBXSourcesBuildPhase;
			buildActionMask = 2147483647;
			files = (
				8F4781A928AF3FEF003366D9 /* ViewController.swift in Sources */,
				8F4781A528AF3FEF003366D9 /* AppDelegate.swift in Sources */,
				8F4781A728AF3FEF003366D9 /* SceneDelegate.swift in Sources */,
			);
			runOnlyForDeploymentPostprocessing = 0;
		};
		8F4781B328AF3FF1003366D9 /* Sources */ = {
			isa = PBXSourcesBuildPhase;
			buildActionMask = 2147483647;
			files = (
				8F4781BC28AF3FF1003366D9 /* Practice_BackgroundBlurEffectTests.swift in Sources */,
			);
			runOnlyForDeploymentPostprocessing = 0;
		};
		8F4781BD28AF3FF1003366D9 /* Sources */ = {
			isa = PBXSourcesBuildPhase;
			buildActionMask = 2147483647;
			files = (
				8F4781C628AF3FF1003366D9 /* Practice_BackgroundBlurEffectUITests.swift in Sources */,
				8F4781C828AF3FF1003366D9 /* Practice_BackgroundBlurEffectUITestsLaunchTests.swift in Sources */,
			);
			runOnlyForDeploymentPostprocessing = 0;
		};
/* End PBXSourcesBuildPhase section */

/* Begin PBXTargetDependency section */
		8F4781B928AF3FF1003366D9 /* PBXTargetDependency */ = {
			isa = PBXTargetDependency;
			target = 8F4781A028AF3FEF003366D9 /* Practice BackgroundBlurEffect */;
			targetProxy = 8F4781B828AF3FF1003366D9 /* PBXContainerItemProxy */;
		};
		8F4781C328AF3FF1003366D9 /* PBXTargetDependency */ = {
			isa = PBXTargetDependency;
			target = 8F4781A028AF3FEF003366D9 /* Practice BackgroundBlurEffect */;
			targetProxy = 8F4781C228AF3FF1003366D9 /* PBXContainerItemProxy */;
		};
/* End PBXTargetDependency section */

/* Begin PBXVariantGroup section */
		8F4781AA28AF3FEF003366D9 /* Main.storyboard */ = {
			isa = PBXVariantGroup;
			children = (
				8F4781AB28AF3FEF003366D9 /* Base */,
			);
			name = Main.storyboard;
			sourceTree = "<group>";
		};
		8F4781AF28AF3FF1003366D9 /* LaunchScreen.storyboard */ = {
			isa = PBXVariantGroup;
			children = (
				8F4781B028AF3FF1003366D9 /* Base */,
			);
			name = LaunchScreen.storyboard;
			sourceTree = "<group>";
		};
/* End PBXVariantGroup section */

/* Begin XCBuildConfiguration section */
		8F4781C928AF3FF1003366D9 /* Debug */ = {
			isa = XCBuildConfiguration;
			buildSettings = {
				ALWAYS_SEARCH_USER_PATHS = NO;
				CLANG_ANALYZER_NONNULL = YES;
				CLANG_ANALYZER_NUMBER_OBJECT_CONVERSION = YES_AGGRESSIVE;
				CLANG_CXX_LANGUAGE_STANDARD = "gnu++17";
				CLANG_ENABLE_MODULES = YES;
				CLANG_ENABLE_OBJC_ARC = YES;
				CLANG_ENABLE_OBJC_WEAK = YES;
				CLANG_WARN_BLOCK_CAPTURE_AUTORELEASING = YES;
				CLANG_WARN_BOOL_CONVERSION = YES;
				CLANG_WARN_COMMA = YES;
				CLANG_WARN_CONSTANT_CONVERSION = YES;
				CLANG_WARN_DEPRECATED_OBJC_IMPLEMENTATIONS = YES;
				CLANG_WARN_DIRECT_OBJC_ISA_USAGE = YES_ERROR;
				CLANG_WARN_DOCUMENTATION_COMMENTS = YES;
				CLANG_WARN_EMPTY_BODY = YES;
				CLANG_WARN_ENUM_CONVERSION = YES;
				CLANG_WARN_INFINITE_RECURSION = YES;
				CLANG_WARN_INT_CONVERSION = YES;
				CLANG_WARN_NON_LITERAL_NULL_CONVERSION = YES;
				CLANG_WARN_OBJC_IMPLICIT_RETAIN_SELF = YES;
				CLANG_WARN_OBJC_LITERAL_CONVERSION = YES;
				CLANG_WARN_OBJC_ROOT_CLASS = YES_ERROR;
				CLANG_WARN_QUOTED_INCLUDE_IN_FRAMEWORK_HEADER = YES;
				CLANG_WARN_RANGE_LOOP_ANALYSIS = YES;
				CLANG_WARN_STRICT_PROTOTYPES = YES;
				CLANG_WARN_SUSPICIOUS_MOVE = YES;
				CLANG_WARN_UNGUARDED_AVAILABILITY = YES_AGGRESSIVE;
				CLANG_WARN_UNREACHABLE_CODE = YES;
				CLANG_WARN__DUPLICATE_METHOD_MATCH = YES;
				COPY_PHASE_STRIP = NO;
				DEBUG_INFORMATION_FORMAT = dwarf;
				ENABLE_STRICT_OBJC_MSGSEND = YES;
				ENABLE_TESTABILITY = YES;
				GCC_C_LANGUAGE_STANDARD = gnu11;
				GCC_DYNAMIC_NO_PIC = NO;
				GCC_NO_COMMON_BLOCKS = YES;
				GCC_OPTIMIZATION_LEVEL = 0;
				GCC_PREPROCESSOR_DEFINITIONS = (
					"DEBUG=1",
					"$(inherited)",
				);
				GCC_WARN_64_TO_32_BIT_CONVERSION = YES;
				GCC_WARN_ABOUT_RETURN_TYPE = YES_ERROR;
				GCC_WARN_UNDECLARED_SELECTOR = YES;
				GCC_WARN_UNINITIALIZED_AUTOS = YES_AGGRESSIVE;
				GCC_WARN_UNUSED_FUNCTION = YES;
				GCC_WARN_UNUSED_VARIABLE = YES;
				IPHONEOS_DEPLOYMENT_TARGET = 15.5;
				MTL_ENABLE_DEBUG_INFO = INCLUDE_SOURCE;
				MTL_FAST_MATH = YES;
				ONLY_ACTIVE_ARCH = YES;
				SDKROOT = iphoneos;
				SWIFT_ACTIVE_COMPILATION_CONDITIONS = DEBUG;
				SWIFT_OPTIMIZATION_LEVEL = "-Onone";
			};
			name = Debug;
		};
		8F4781CA28AF3FF1003366D9 /* Release */ = {
			isa = XCBuildConfiguration;
			buildSettings = {
				ALWAYS_SEARCH_USER_PATHS = NO;
				CLANG_ANALYZER_NONNULL = YES;
				CLANG_ANALYZER_NUMBER_OBJECT_CONVERSION = YES_AGGRESSIVE;
				CLANG_CXX_LANGUAGE_STANDARD = "gnu++17";
				CLANG_ENABLE_MODULES = YES;
				CLANG_ENABLE_OBJC_ARC = YES;
				CLANG_ENABLE_OBJC_WEAK = YES;
				CLANG_WARN_BLOCK_CAPTURE_AUTORELEASING = YES;
				CLANG_WARN_BOOL_CONVERSION = YES;
				CLANG_WARN_COMMA = YES;
				CLANG_WARN_CONSTANT_CONVERSION = YES;
				CLANG_WARN_DEPRECATED_OBJC_IMPLEMENTATIONS = YES;
				CLANG_WARN_DIRECT_OBJC_ISA_USAGE = YES_ERROR;
				CLANG_WARN_DOCUMENTATION_COMMENTS = YES;
				CLANG_WARN_EMPTY_BODY = YES;
				CLANG_WARN_ENUM_CONVERSION = YES;
				CLANG_WARN_INFINITE_RECURSION = YES;
				CLANG_WARN_INT_CONVERSION = YES;
				CLANG_WARN_NON_LITERAL_NULL_CONVERSION = YES;
				CLANG_WARN_OBJC_IMPLICIT_RETAIN_SELF = YES;
				CLANG_WARN_OBJC_LITERAL_CONVERSION = YES;
				CLANG_WARN_OBJC_ROOT_CLASS = YES_ERROR;
				CLANG_WARN_QUOTED_INCLUDE_IN_FRAMEWORK_HEADER = YES;
				CLANG_WARN_RANGE_LOOP_ANALYSIS = YES;
				CLANG_WARN_STRICT_PROTOTYPES = YES;
				CLANG_WARN_SUSPICIOUS_MOVE = YES;
				CLANG_WARN_UNGUARDED_AVAILABILITY = YES_AGGRESSIVE;
				CLANG_WARN_UNREACHABLE_CODE = YES;
				CLANG_WARN__DUPLICATE_METHOD_MATCH = YES;
				COPY_PHASE_STRIP = NO;
				DEBUG_INFORMATION_FORMAT = "dwarf-with-dsym";
				ENABLE_NS_ASSERTIONS = NO;
				ENABLE_STRICT_OBJC_MSGSEND = YES;
				GCC_C_LANGUAGE_STANDARD = gnu11;
				GCC_NO_COMMON_BLOCKS = YES;
				GCC_WARN_64_TO_32_BIT_CONVERSION = YES;
				GCC_WARN_ABOUT_RETURN_TYPE = YES_ERROR;
				GCC_WARN_UNDECLARED_SELECTOR = YES;
				GCC_WARN_UNINITIALIZED_AUTOS = YES_AGGRESSIVE;
				GCC_WARN_UNUSED_FUNCTION = YES;
				GCC_WARN_UNUSED_VARIABLE = YES;
				IPHONEOS_DEPLOYMENT_TARGET = 15.5;
				MTL_ENABLE_DEBUG_INFO = NO;
				MTL_FAST_MATH = YES;
				SDKROOT = iphoneos;
				SWIFT_COMPILATION_MODE = wholemodule;
				SWIFT_OPTIMIZATION_LEVEL = "-O";
				VALIDATE_PRODUCT = YES;
			};
			name = Release;
		};
		8F4781CC28AF3FF1003366D9 /* Debug */ = {
			isa = XCBuildConfiguration;
			buildSettings = {
				ASSETCATALOG_COMPILER_APPICON_NAME = AppIcon;
				ASSETCATALOG_COMPILER_GLOBAL_ACCENT_COLOR_NAME = AccentColor;
				CODE_SIGN_STYLE = Automatic;
				CURRENT_PROJECT_VERSION = 1;
				GENERATE_INFOPLIST_FILE = YES;
				INFOPLIST_FILE = "Practice BackgroundBlurEffect/Info.plist";
				INFOPLIST_KEY_UIApplicationSupportsIndirectInputEvents = YES;
				INFOPLIST_KEY_UILaunchStoryboardName = LaunchScreen;
				INFOPLIST_KEY_UIMainStoryboardFile = Main;
				INFOPLIST_KEY_UISupportedInterfaceOrientations_iPad = "UIInterfaceOrientationPortrait UIInterfaceOrientationPortraitUpsideDown UIInterfaceOrientationLandscapeLeft UIInterfaceOrientationLandscapeRight";
				INFOPLIST_KEY_UISupportedInterfaceOrientations_iPhone = "UIInterfaceOrientationPortrait UIInterfaceOrientationLandscapeLeft UIInterfaceOrientationLandscapeRight";
				LD_RUNPATH_SEARCH_PATHS = (
					"$(inherited)",
					"@executable_path/Frameworks",
				);
				MARKETING_VERSION = 1.0;
				PRODUCT_BUNDLE_IDENTIFIER = "com.tftus.googlemap.Practice-BackgroundBlurEffect";
				PRODUCT_NAME = "$(TARGET_NAME)";
				SWIFT_EMIT_LOC_STRINGS = YES;
				SWIFT_VERSION = 5.0;
				TARGETED_DEVICE_FAMILY = "1,2";
			};
			name = Debug;
		};
		8F4781CD28AF3FF1003366D9 /* Release */ = {
			isa = XCBuildConfiguration;
			buildSettings = {
				ASSETCATALOG_COMPILER_APPICON_NAME = AppIcon;
				ASSETCATALOG_COMPILER_GLOBAL_ACCENT_COLOR_NAME = AccentColor;
				CODE_SIGN_STYLE = Automatic;
				CURRENT_PROJECT_VERSION = 1;
				GENERATE_INFOPLIST_FILE = YES;
				INFOPLIST_FILE = "Practice BackgroundBlurEffect/Info.plist";
				INFOPLIST_KEY_UIApplicationSupportsIndirectInputEvents = YES;
				INFOPLIST_KEY_UILaunchStoryboardName = LaunchScreen;
				INFOPLIST_KEY_UIMainStoryboardFile = Main;
				INFOPLIST_KEY_UISupportedInterfaceOrientations_iPad = "UIInterfaceOrientationPortrait UIInterfaceOrientationPortraitUpsideDown UIInterfaceOrientationLandscapeLeft UIInterfaceOrientationLandscapeRight";
				INFOPLIST_KEY_UISupportedInterfaceOrientations_iPhone = "UIInterfaceOrientationPortrait UIInterfaceOrientationLandscapeLeft UIInterfaceOrientationLandscapeRight";
				LD_RUNPATH_SEARCH_PATHS = (
					"$(inherited)",
					"@executable_path/Frameworks",
				);
				MARKETING_VERSION = 1.0;
				PRODUCT_BUNDLE_IDENTIFIER = "com.tftus.googlemap.Practice-BackgroundBlurEffect";
				PRODUCT_NAME = "$(TARGET_NAME)";
				SWIFT_EMIT_LOC_STRINGS = YES;
				SWIFT_VERSION = 5.0;
				TARGETED_DEVICE_FAMILY = "1,2";
			};
			name = Release;
		};
		8F4781CF28AF3FF1003366D9 /* Debug */ = {
			isa = XCBuildConfiguration;
			buildSettings = {
				ALWAYS_EMBED_SWIFT_STANDARD_LIBRARIES = YES;
				BUNDLE_LOADER = "$(TEST_HOST)";
				CODE_SIGN_STYLE = Automatic;
				CURRENT_PROJECT_VERSION = 1;
				GENERATE_INFOPLIST_FILE = YES;
				IPHONEOS_DEPLOYMENT_TARGET = 15.5;
				MARKETING_VERSION = 1.0;
				PRODUCT_BUNDLE_IDENTIFIER = "com.tftus.googlemap.Practice-BackgroundBlurEffectTests";
				PRODUCT_NAME = "$(TARGET_NAME)";
				SWIFT_EMIT_LOC_STRINGS = NO;
				SWIFT_VERSION = 5.0;
				TARGETED_DEVICE_FAMILY = "1,2";
				TEST_HOST = "$(BUILT_PRODUCTS_DIR)/Practice BackgroundBlurEffect.app/Practice BackgroundBlurEffect";
			};
			name = Debug;
		};
		8F4781D028AF3FF1003366D9 /* Release */ = {
			isa = XCBuildConfiguration;
			buildSettings = {
				ALWAYS_EMBED_SWIFT_STANDARD_LIBRARIES = YES;
				BUNDLE_LOADER = "$(TEST_HOST)";
				CODE_SIGN_STYLE = Automatic;
				CURRENT_PROJECT_VERSION = 1;
				GENERATE_INFOPLIST_FILE = YES;
				IPHONEOS_DEPLOYMENT_TARGET = 15.5;
				MARKETING_VERSION = 1.0;
				PRODUCT_BUNDLE_IDENTIFIER = "com.tftus.googlemap.Practice-BackgroundBlurEffectTests";
				PRODUCT_NAME = "$(TARGET_NAME)";
				SWIFT_EMIT_LOC_STRINGS = NO;
				SWIFT_VERSION = 5.0;
				TARGETED_DEVICE_FAMILY = "1,2";
				TEST_HOST = "$(BUILT_PRODUCTS_DIR)/Practice BackgroundBlurEffect.app/Practice BackgroundBlurEffect";
			};
			name = Release;
		};
		8F4781D228AF3FF1003366D9 /* Debug */ = {
			isa = XCBuildConfiguration;
			buildSettings = {
				ALWAYS_EMBED_SWIFT_STANDARD_LIBRARIES = YES;
				CODE_SIGN_STYLE = Automatic;
				CURRENT_PROJECT_VERSION = 1;
				GENERATE_INFOPLIST_FILE = YES;
				MARKETING_VERSION = 1.0;
				PRODUCT_BUNDLE_IDENTIFIER = "com.tftus.googlemap.Practice-BackgroundBlurEffectUITests";
				PRODUCT_NAME = "$(TARGET_NAME)";
				SWIFT_EMIT_LOC_STRINGS = NO;
				SWIFT_VERSION = 5.0;
				TARGETED_DEVICE_FAMILY = "1,2";
				TEST_TARGET_NAME = "Practice BackgroundBlurEffect";
			};
			name = Debug;
		};
		8F4781D328AF3FF1003366D9 /* Release */ = {
			isa = XCBuildConfiguration;
			buildSettings = {
				ALWAYS_EMBED_SWIFT_STANDARD_LIBRARIES = YES;
				CODE_SIGN_STYLE = Automatic;
				CURRENT_PROJECT_VERSION = 1;
				GENERATE_INFOPLIST_FILE = YES;
				MARKETING_VERSION = 1.0;
				PRODUCT_BUNDLE_IDENTIFIER = "com.tftus.googlemap.Practice-BackgroundBlurEffectUITests";
				PRODUCT_NAME = "$(TARGET_NAME)";
				SWIFT_EMIT_LOC_STRINGS = NO;
				SWIFT_VERSION = 5.0;
				TARGETED_DEVICE_FAMILY = "1,2";
				TEST_TARGET_NAME = "Practice BackgroundBlurEffect";
			};
			name = Release;
		};
/* End XCBuildConfiguration section */

/* Begin XCConfigurationList section */
		8F47819C28AF3FEE003366D9 /* Build configuration list for PBXProject "Practice BackgroundBlurEffect" */ = {
			isa = XCConfigurationList;
			buildConfigurations = (
				8F4781C928AF3FF1003366D9 /* Debug */,
				8F4781CA28AF3FF1003366D9 /* Release */,
			);
			defaultConfigurationIsVisible = 0;
			defaultConfigurationName = Release;
		};
		8F4781CB28AF3FF1003366D9 /* Build configuration list for PBXNativeTarget "Practice BackgroundBlurEffect" */ = {
			isa = XCConfigurationList;
			buildConfigurations = (
				8F4781CC28AF3FF1003366D9 /* Debug */,
				8F4781CD28AF3FF1003366D9 /* Release */,
			);
			defaultConfigurationIsVisible = 0;
			defaultConfigurationName = Release;
		};
		8F4781CE28AF3FF1003366D9 /* Build configuration list for PBXNativeTarget "Practice BackgroundBlurEffectTests" */ = {
			isa = XCConfigurationList;
			buildConfigurations = (
				8F4781CF28AF3FF1003366D9 /* Debug */,
				8F4781D028AF3FF1003366D9 /* Release */,
			);
			defaultConfigurationIsVisible = 0;
			defaultConfigurationName = Release;
		};
		8F4781D128AF3FF1003366D9 /* Build configuration list for PBXNativeTarget "Practice BackgroundBlurEffectUITests" */ = {
			isa = XCConfigurationList;
			buildConfigurations = (
				8F4781D228AF3FF1003366D9 /* Debug */,
				8F4781D328AF3FF1003366D9 /* Release */,
			);
			defaultConfigurationIsVisible = 0;
			defaultConfigurationName = Release;
		};
/* End XCConfigurationList section */
	};
	rootObject = 8F47819928AF3FEE003366D9 /* Project object */;
}
